{
  "name": "eshop",
  "version": "1.0.0",
  "lockfileVersion": 1,
  "requires": true,
  "dependencies": {
    "@favware/querystring": {
      "version": "3.0.2",
      "resolved": "https://registry.npmjs.org/@favware/querystring/-/querystring-3.0.2.tgz",
      "integrity": "sha512-GfqZ5sDCh0mJN+Ng4x2/Kh3HpignExHFVt7Jw3YGcEITw5nEwsghP5ykl/uYymwMcvR7tEXVu4aXdGnqEnBYqg==",
      "dev": true
    },
    "@types/country-data": {
      "version": "0.0.1",
      "resolved": "https://registry.npmjs.org/@types/country-data/-/country-data-0.0.1.tgz",
      "integrity": "sha512-3Qsi6TB9V8PO4d0T5/kZC4RUL9Ricvg+WPAXfnhcFmwGg/lYRlyxi+clhAJq346FdvtBopdhwt33xgIzlYa5sQ==",
      "dev": true
    },
    "country-data": {
      "version": "0.0.31",
      "resolved": "https://registry.npmjs.org/country-data/-/country-data-0.0.31.tgz",
      "integrity": "sha1-gJZrjh0Uf6bWpYnTKTP4eTd0lW0=",
      "dev": true,
      "requires": {
        "currency-symbol-map": "~2",
        "underscore": ">1.4.4"
      }
    },
    "currency-symbol-map": {
      "version": "2.2.0",
      "resolved": "https://registry.npmjs.org/currency-symbol-map/-/currency-symbol-map-2.2.0.tgz",
      "integrity": "sha1-KzwYcv8aws5ZXYJz5Y4f/wJyrqI=",
      "dev": true
    },
    "fast-xml-parser": {
      "version": "3.12.20",
      "resolved": "https://registry.npmjs.org/fast-xml-parser/-/fast-xml-parser-3.12.20.tgz",
      "integrity": "sha512-viadHdefuuqkyJWUhF2r2Ymb5LJ0T7uQhzSRv4OZzYxpoPQnY05KtaX0pLkolabD7tLzIE8q/OytIAEhqPyYbw==",
      "dev": true,
      "requires": {
        "nimnjs": "^1.3.2"
      }
    },
    "nimn-date-parser": {
      "version": "1.0.0",
      "resolved": "https://registry.npmjs.org/nimn-date-parser/-/nimn-date-parser-1.0.0.tgz",
      "integrity": "sha512-1Nf+x3EeMvHUiHsVuEhiZnwA8RMeOBVTQWfB1S2n9+i6PYCofHd2HRMD+WOHIHYshy4T4Gk8wQoCol7Hq3av8Q==",
      "dev": true
    },
    "nimn_schema_builder": {
      "version": "1.1.0",
      "resolved": "https://registry.npmjs.org/nimn_schema_builder/-/nimn_schema_builder-1.1.0.tgz",
      "integrity": "sha512-DK5/B8CM4qwzG2URy130avcwPev4uO0ev836FbQyKo1ms6I9z/i6EJyiZ+d9xtgloxUri0W+5gfR8YbPq7SheA==",
      "dev": true
    },
    "nimnjs": {
      "version": "1.3.2",
      "resolved": "https://registry.npmjs.org/nimnjs/-/nimnjs-1.3.2.tgz",
      "integrity": "sha512-TIOtI4iqkQrUM1tiM76AtTQem0c7e56SkDZ7sj1d1MfUsqRcq2ZWQvej/O+HBTZV7u/VKnwlKTDugK/75IRPPw==",
      "dev": true,
      "requires": {
        "nimn-date-parser": "^1.0.0",
        "nimn_schema_builder": "^1.0.0"
      }
    },
    "nintendo-switch-eshop": {
      "version": "2.2.2",
      "resolved": "https://registry.npmjs.org/nintendo-switch-eshop/-/nintendo-switch-eshop-2.2.2.tgz",
      "integrity": "sha512-yJHUEwxmstf9m19G8sjc/RT+uvEUp0GOFzA/mDRIV5qZqbcTjMQ0Kv1+4HHMsi1uAn5QHmiS/CLDnxHKo+lg+Q==",
      "dev": true,
      "requires": {
        "@favware/querystring": "^3.0.2",
        "@types/country-data": "^0.0.1",
        "country-data": "^0.0.31",
        "fast-xml-parser": "^3.12.20",
        "node-fetch": "^2.6.0"
      }
    },
    "node-fetch": {
      "version": "2.6.0",
      "resolved": "https://registry.npmjs.org/node-fetch/-/node-fetch-2.6.0.tgz",
      "integrity": "sha512-8dG4H5ujfvFiqDmVu9fQ5bOHUC15JMjMY/Zumv26oOvvVJjM67KF8koCWIabKQ1GJIa9r2mMZscBq/TbdOcmNA==",
      "dev": true
    },
    "underscore": {
      "version": "1.9.1",
      "resolved": "https://registry.npmjs.org/underscore/-/underscore-1.9.1.tgz",
      "integrity": "sha512-5/4etnCkd9c8gwgowi5/om/mYO5ajCaOgdzj/oW+0eQV9WxKBDZw5+ycmKmeaTXjInS/W0BzpGLo2xR2aBwZdg==",
      "dev": true
    }
  }
}
